
Microsoft Visual Studio Solution File, Format Version 12.00
# Visual Studio Version 17
VisualStudioVersion = 17.10.35027.167
MinimumVisualStudioVersion = 10.0.40219.1
Project("{9A19103F-16F7-4668-BE54-9A1E7A4F7556}") = "TrainerService.API", "Services\TrainerService\TrainerService.API\TrainerService.API.csproj", "{FADBC82B-CBFD-4FD7-9F19-D1400409A041}"
EndProject
Project("{E53339B2-1760-4266-BCC7-CA923CBCF16C}") = "docker-compose", "docker-compose.dcproj", "{E3DEB1A3-16AA-40D4-9212-80A17C4DFC67}"
EndProject
Project("{9A19103F-16F7-4668-BE54-9A1E7A4F7556}") = "ClientService.API", "Services\ClientService\ClientService.API\ClientService.API.csproj", "{3D32A8C6-1E80-4691-A885-F3ACF66C5C66}"
EndProject
Project("{2150E333-8FDC-42A3-9474-1A3956D46DE8}") = "Security", "Security", "{89F11E05-9275-456A-B680-9E47AEFC6A05}"
EndProject
Project("{9A19103F-16F7-4668-BE54-9A1E7A4F7556}") = "IdentityServer", "Security\IdentityServer\IdentityServer.csproj", "{DD1D07DE-12AA-437E-AC5C-B6F21A9D64C8}"
EndProject
Project("{9A19103F-16F7-4668-BE54-9A1E7A4F7556}") = "ReviewService.Common", "Services\ReviewService\ReviewService.Common\ReviewService.Common.csproj", "{3F3581D4-434A-4814-8AC2-8D41FC7A7DD9}"
EndProject
Project("{9A19103F-16F7-4668-BE54-9A1E7A4F7556}") = "ReviewService.API", "Services\ReviewService\ReviewService.API\ReviewService.API.csproj", "{DA15F437-9A05-4338-9641-CD99DC66F257}"
EndProject
Project("{9A19103F-16F7-4668-BE54-9A1E7A4F7556}") = "ReviewService.GRPC", "Services\ReviewService\ReviewService.GRPC\ReviewService.GRPC.csproj", "{A0D6A500-F8EC-4EFC-8DA5-7D58AC242A34}"
EndProject
Project("{2150E333-8FDC-42A3-9474-1A3956D46DE8}") = "Common", "Common", "{08A30FB7-C7FE-49F3-B26F-FB0F9945EF7A}"
EndProject
Project("{9A19103F-16F7-4668-BE54-9A1E7A4F7556}") = "EventBus.Messages", "Common\EventBus.Messages\EventBus.Messages.csproj", "{4E7EFF7C-F700-473B-9265-48C289A497BF}"
EndProject
Project("{FAE04EC0-301F-11D3-BF4B-00C04F79EFBC}") = "PaymentService.API", "Services\PaymentService\PaymentService.API\PaymentService.API.csproj", "{39B7B5E9-F9D8-4A1F-B4E5-216248755CCA}"
EndProject
Project("{FAE04EC0-301F-11D3-BF4B-00C04F79EFBC}") = "NotificationService.API", "Services\NotificationService\NotificationService.API\NotificationService.API.csproj", "{42D48CA2-5675-47F2-BAE7-91E595258CBA}"
EndProject
Global
	GlobalSection(SolutionConfigurationPlatforms) = preSolution
		Debug|Any CPU = Debug|Any CPU
		Release|Any CPU = Release|Any CPU
	EndGlobalSection
	GlobalSection(ProjectConfigurationPlatforms) = postSolution
		{FADBC82B-CBFD-4FD7-9F19-D1400409A041}.Debug|Any CPU.ActiveCfg = Debug|Any CPU
		{FADBC82B-CBFD-4FD7-9F19-D1400409A041}.Debug|Any CPU.Build.0 = Debug|Any CPU
		{FADBC82B-CBFD-4FD7-9F19-D1400409A041}.Release|Any CPU.ActiveCfg = Release|Any CPU
		{FADBC82B-CBFD-4FD7-9F19-D1400409A041}.Release|Any CPU.Build.0 = Release|Any CPU
		{E3DEB1A3-16AA-40D4-9212-80A17C4DFC67}.Debug|Any CPU.ActiveCfg = Debug|Any CPU
		{E3DEB1A3-16AA-40D4-9212-80A17C4DFC67}.Debug|Any CPU.Build.0 = Debug|Any CPU
		{E3DEB1A3-16AA-40D4-9212-80A17C4DFC67}.Release|Any CPU.ActiveCfg = Release|Any CPU
		{E3DEB1A3-16AA-40D4-9212-80A17C4DFC67}.Release|Any CPU.Build.0 = Release|Any CPU
		{3D32A8C6-1E80-4691-A885-F3ACF66C5C66}.Debug|Any CPU.ActiveCfg = Debug|Any CPU
		{3D32A8C6-1E80-4691-A885-F3ACF66C5C66}.Debug|Any CPU.Build.0 = Debug|Any CPU
		{3D32A8C6-1E80-4691-A885-F3ACF66C5C66}.Release|Any CPU.ActiveCfg = Release|Any CPU
		{3D32A8C6-1E80-4691-A885-F3ACF66C5C66}.Release|Any CPU.Build.0 = Release|Any CPU
		{DD1D07DE-12AA-437E-AC5C-B6F21A9D64C8}.Debug|Any CPU.ActiveCfg = Debug|Any CPU
		{DD1D07DE-12AA-437E-AC5C-B6F21A9D64C8}.Debug|Any CPU.Build.0 = Debug|Any CPU
		{DD1D07DE-12AA-437E-AC5C-B6F21A9D64C8}.Release|Any CPU.ActiveCfg = Release|Any CPU
		{DD1D07DE-12AA-437E-AC5C-B6F21A9D64C8}.Release|Any CPU.Build.0 = Release|Any CPU
		{3F3581D4-434A-4814-8AC2-8D41FC7A7DD9}.Debug|Any CPU.ActiveCfg = Debug|Any CPU
		{3F3581D4-434A-4814-8AC2-8D41FC7A7DD9}.Debug|Any CPU.Build.0 = Debug|Any CPU
		{3F3581D4-434A-4814-8AC2-8D41FC7A7DD9}.Release|Any CPU.ActiveCfg = Release|Any CPU
		{3F3581D4-434A-4814-8AC2-8D41FC7A7DD9}.Release|Any CPU.Build.0 = Release|Any CPU
		{DA15F437-9A05-4338-9641-CD99DC66F257}.Debug|Any CPU.ActiveCfg = Debug|Any CPU
		{DA15F437-9A05-4338-9641-CD99DC66F257}.Debug|Any CPU.Build.0 = Debug|Any CPU
		{DA15F437-9A05-4338-9641-CD99DC66F257}.Release|Any CPU.ActiveCfg = Release|Any CPU
		{DA15F437-9A05-4338-9641-CD99DC66F257}.Release|Any CPU.Build.0 = Release|Any CPU
		{A0D6A500-F8EC-4EFC-8DA5-7D58AC242A34}.Debug|Any CPU.ActiveCfg = Debug|Any CPU
		{A0D6A500-F8EC-4EFC-8DA5-7D58AC242A34}.Debug|Any CPU.Build.0 = Debug|Any CPU
		{A0D6A500-F8EC-4EFC-8DA5-7D58AC242A34}.Release|Any CPU.ActiveCfg = Release|Any CPU
		{A0D6A500-F8EC-4EFC-8DA5-7D58AC242A34}.Release|Any CPU.Build.0 = Release|Any CPU
		{4E7EFF7C-F700-473B-9265-48C289A497BF}.Debug|Any CPU.ActiveCfg = Debug|Any CPU
		{4E7EFF7C-F700-473B-9265-48C289A497BF}.Debug|Any CPU.Build.0 = Debug|Any CPU
		{4E7EFF7C-F700-473B-9265-48C289A497BF}.Release|Any CPU.ActiveCfg = Release|Any CPU
		{4E7EFF7C-F700-473B-9265-48C289A497BF}.Release|Any CPU.Build.0 = Release|Any CPU
		{39B7B5E9-F9D8-4A1F-B4E5-216248755CCA}.Debug|Any CPU.ActiveCfg = Debug|Any CPU
		{39B7B5E9-F9D8-4A1F-B4E5-216248755CCA}.Debug|Any CPU.Build.0 = Debug|Any CPU
		{39B7B5E9-F9D8-4A1F-B4E5-216248755CCA}.Release|Any CPU.ActiveCfg = Release|Any CPU
		{39B7B5E9-F9D8-4A1F-B4E5-216248755CCA}.Release|Any CPU.Build.0 = Release|Any CPU
		{42D48CA2-5675-47F2-BAE7-91E595258CBA}.Debug|Any CPU.ActiveCfg = Debug|Any CPU
		{42D48CA2-5675-47F2-BAE7-91E595258CBA}.Debug|Any CPU.Build.0 = Debug|Any CPU
		{42D48CA2-5675-47F2-BAE7-91E595258CBA}.Release|Any CPU.ActiveCfg = Release|Any CPU
		{42D48CA2-5675-47F2-BAE7-91E595258CBA}.Release|Any CPU.Build.0 = Release|Any CPU
	EndGlobalSection
	GlobalSection(SolutionProperties) = preSolution
		HideSolutionNode = FALSE
	EndGlobalSection
	GlobalSection(NestedProjects) = preSolution
		{DD1D07DE-12AA-437E-AC5C-B6F21A9D64C8} = {89F11E05-9275-456A-B680-9E47AEFC6A05}
		{4E7EFF7C-F700-473B-9265-48C289A497BF} = {08A30FB7-C7FE-49F3-B26F-FB0F9945EF7A}
	EndGlobalSection
	GlobalSection(ExtensibilityGlobals) = postSolution
		SolutionGuid = {B317DCB6-F066-4D68-9E03-E9DF67260B22}
	EndGlobalSection
EndGlobal
