
Microsoft Visual Studio Solution File, Format Version 12.00
# Visual Studio Version 17
VisualStudioVersion = 17.10.35027.167
MinimumVisualStudioVersion = 10.0.40219.1
Project("{9A19103F-16F7-4668-BE54-9A1E7A4F7556}") = "TrainerService.API", "Services\TrainerService\TrainerService.API\TrainerService.API.csproj", "{FADBC82B-CBFD-4FD7-9F19-D1400409A041}"
EndProject
Project("{E53339B2-1760-4266-BCC7-CA923CBCF16C}") = "docker-compose", "docker-compose.dcproj", "{E3DEB1A3-16AA-40D4-9212-80A17C4DFC67}"
EndProject
Project("{9A19103F-16F7-4668-BE54-9A1E7A4F7556}") = "ClientService.API", "Services\ClientService\ClientService.API\ClientService.API.csproj", "{3D32A8C6-1E80-4691-A885-F3ACF66C5C66}"
EndProject
Project("{2150E333-8FDC-42A3-9474-1A3956D46DE8}") = "Security", "Security", "{89F11E05-9275-456A-B680-9E47AEFC6A05}"
EndProject
Project("{9A19103F-16F7-4668-BE54-9A1E7A4F7556}") = "IdentityServer", "Security\IdentityServer\IdentityServer.csproj", "{DD1D07DE-12AA-437E-AC5C-B6F21A9D64C8}"
EndProject
Project("{9A19103F-16F7-4668-BE54-9A1E7A4F7556}") = "ReviewService.Common", "Services\ReviewService\ReviewService.Common\ReviewService.Common.csproj", "{3F3581D4-434A-4814-8AC2-8D41FC7A7DD9}"
EndProject
Project("{9A19103F-16F7-4668-BE54-9A1E7A4F7556}") = "ReviewService.API", "Services\ReviewService\ReviewService.API\ReviewService.API.csproj", "{DA15F437-9A05-4338-9641-CD99DC66F257}"
EndProject
Project("{9A19103F-16F7-4668-BE54-9A1E7A4F7556}") = "ReviewService.GRPC", "Services\ReviewService\ReviewService.GRPC\ReviewService.GRPC.csproj", "{A0D6A500-F8EC-4EFC-8DA5-7D58AC242A34}"
EndProject
Project("{2150E333-8FDC-42A3-9474-1A3956D46DE8}") = "Common", "Common", "{08A30FB7-C7FE-49F3-B26F-FB0F9945EF7A}"
EndProject
Project("{9A19103F-16F7-4668-BE54-9A1E7A4F7556}") = "EventBus.Messages", "Common\EventBus.Messages\EventBus.Messages.csproj", "{4E7EFF7C-F700-473B-9265-48C289A497BF}"
EndProject
Project("{FAE04EC0-301F-11D3-BF4B-00C04F79EFBC}") = "PaymentService.API", "Services\PaymentService\PaymentService.API\PaymentService.API.csproj", "{39B7B5E9-F9D8-4A1F-B4E5-216248755CCA}"
EndProject
Project("{FAE04EC0-301F-11D3-BF4B-00C04F79EFBC}") = "AnalyticsService.Common", "Services\AnalyticsService\AnalyticsService.Common\AnalyticsService.Common.csproj", "{64737429-3650-42B7-A1ED-AB7573B51278}"
EndProject
Project("{FAE04EC0-301F-11D3-BF4B-00C04F79EFBC}") = "AnalyticsService.API", "Services\AnalyticsService\AnalyticsService.API\AnalyticsService.API.csproj", "{29B1A1CD-24C1-41D5-B8C8-AD1CE3AE180A}"
EndProject
Project("{FAE04EC0-301F-11D3-BF4B-00C04F79EFBC}") = "AnalyticsService.GRPC", "Services\AnalyticsService\AnalyticsService.GRPC\AnalyticsService.GRPC.csproj", "{8F5A1A04-D36F-45F1-84D7-D1AAC5439AA4}"
EndProject
Project("{FAE04EC0-301F-11D3-BF4B-00C04F79EFBC}") = "ReservationService.API", "Services\ReservationService\ReservationService.API\ReservationService.API.csproj", "{F3C942A5-0892-4451-9092-900F63365EC1}"
EndProject
Project("{FAE04EC0-301F-11D3-BF4B-00C04F79EFBC}") = "NotificationService.API", "Services\NotificationService\NotificationService.API\NotificationService.API.csproj", "{42D48CA2-5675-47F2-BAE7-91E595258CBA}"
EndProject
Project("{FAE04EC0-301F-11D3-BF4B-00C04F79EFBC}") = "ClientService.Common", "Services\ClientService\ClientService.Common\ClientService.Common.csproj", "{FA536695-2D2D-4B71-8883-95B6EEF320F6}"
EndProject
Project("{FAE04EC0-301F-11D3-BF4B-00C04F79EFBC}") = "ClientService.GRPC", "Services\ClientService\ClientService.GRPC\ClientService.GRPC.csproj", "{06072C23-37C4-4AD9-A8FC-864A83E91720}"
EndProject
Project("{FAE04EC0-301F-11D3-BF4B-00C04F79EFBC}") = "TrainerService.Common", "Services\TrainerService\TrainerService.Common\TrainerService.Common.csproj", "{4D2F9ADF-65DB-41C3-9050-D5475D1BEFE4}"
EndProject
Project("{FAE04EC0-301F-11D3-BF4B-00C04F79EFBC}") = "TrainerService.GRPC", "Services\TrainerService\TrainerService.GRPC\TrainerService.GRPC.csproj", "{8A41AB5B-51F7-4F30-9B49-19BF8E09FC5B}"
EndProject
Project("{FAE04EC0-301F-11D3-BF4B-00C04F79EFBC}") = "ChatService.API", "Services\ChatService\ChatService.API\ChatService.API.csproj", "{CE504321-77C1-4981-B815-489CA83FB163}"
EndProject
Project("{FAE04EC0-301F-11D3-BF4B-00C04F79EFBC}") = "GatewayService.API", "Services\GatewayService\GatewayService.API\GatewayService.API.csproj", "{0E6E9A4F-6271-45A4-BA0A-9468C6F15275}"
EndProject
Project("{FAE04EC0-301F-11D3-BF4B-00C04F79EFBC}") = "ConsulConfig.Settings", "Common\ConsulConfig.Settings\ConsulConfig.Settings.csproj", "{E8032951-A2BF-4DA6-B433-C3004A2D1021}"
EndProject
Project("{FAE04EC0-301F-11D3-BF4B-00C04F79EFBC}") = "videoTrainingService.API", "Services\videoTrainingService\videoTrainingService.API\videoTrainingService.API.csproj", "{5A3A398E-4133-43EF-A92C-338E8E13715C}"
EndProject
Global
	GlobalSection(SolutionConfigurationPlatforms) = preSolution
		Debug|Any CPU = Debug|Any CPU
		Release|Any CPU = Release|Any CPU
	EndGlobalSection
	GlobalSection(ProjectConfigurationPlatforms) = postSolution
		{FADBC82B-CBFD-4FD7-9F19-D1400409A041}.Debug|Any CPU.ActiveCfg = Debug|Any CPU
		{FADBC82B-CBFD-4FD7-9F19-D1400409A041}.Debug|Any CPU.Build.0 = Debug|Any CPU
		{FADBC82B-CBFD-4FD7-9F19-D1400409A041}.Release|Any CPU.ActiveCfg = Release|Any CPU
		{FADBC82B-CBFD-4FD7-9F19-D1400409A041}.Release|Any CPU.Build.0 = Release|Any CPU
		{E3DEB1A3-16AA-40D4-9212-80A17C4DFC67}.Debug|Any CPU.ActiveCfg = Debug|Any CPU
		{E3DEB1A3-16AA-40D4-9212-80A17C4DFC67}.Debug|Any CPU.Build.0 = Debug|Any CPU
		{E3DEB1A3-16AA-40D4-9212-80A17C4DFC67}.Release|Any CPU.ActiveCfg = Release|Any CPU
		{E3DEB1A3-16AA-40D4-9212-80A17C4DFC67}.Release|Any CPU.Build.0 = Release|Any CPU
		{3D32A8C6-1E80-4691-A885-F3ACF66C5C66}.Debug|Any CPU.ActiveCfg = Debug|Any CPU
		{3D32A8C6-1E80-4691-A885-F3ACF66C5C66}.Debug|Any CPU.Build.0 = Debug|Any CPU
		{3D32A8C6-1E80-4691-A885-F3ACF66C5C66}.Release|Any CPU.ActiveCfg = Release|Any CPU
		{3D32A8C6-1E80-4691-A885-F3ACF66C5C66}.Release|Any CPU.Build.0 = Release|Any CPU
		{DD1D07DE-12AA-437E-AC5C-B6F21A9D64C8}.Debug|Any CPU.ActiveCfg = Debug|Any CPU
		{DD1D07DE-12AA-437E-AC5C-B6F21A9D64C8}.Debug|Any CPU.Build.0 = Debug|Any CPU
		{DD1D07DE-12AA-437E-AC5C-B6F21A9D64C8}.Release|Any CPU.ActiveCfg = Release|Any CPU
		{DD1D07DE-12AA-437E-AC5C-B6F21A9D64C8}.Release|Any CPU.Build.0 = Release|Any CPU
		{3F3581D4-434A-4814-8AC2-8D41FC7A7DD9}.Debug|Any CPU.ActiveCfg = Debug|Any CPU
		{3F3581D4-434A-4814-8AC2-8D41FC7A7DD9}.Debug|Any CPU.Build.0 = Debug|Any CPU
		{3F3581D4-434A-4814-8AC2-8D41FC7A7DD9}.Release|Any CPU.ActiveCfg = Release|Any CPU
		{3F3581D4-434A-4814-8AC2-8D41FC7A7DD9}.Release|Any CPU.Build.0 = Release|Any CPU
		{DA15F437-9A05-4338-9641-CD99DC66F257}.Debug|Any CPU.ActiveCfg = Debug|Any CPU
		{DA15F437-9A05-4338-9641-CD99DC66F257}.Debug|Any CPU.Build.0 = Debug|Any CPU
		{DA15F437-9A05-4338-9641-CD99DC66F257}.Release|Any CPU.ActiveCfg = Release|Any CPU
		{DA15F437-9A05-4338-9641-CD99DC66F257}.Release|Any CPU.Build.0 = Release|Any CPU
		{A0D6A500-F8EC-4EFC-8DA5-7D58AC242A34}.Debug|Any CPU.ActiveCfg = Debug|Any CPU
		{A0D6A500-F8EC-4EFC-8DA5-7D58AC242A34}.Debug|Any CPU.Build.0 = Debug|Any CPU
		{A0D6A500-F8EC-4EFC-8DA5-7D58AC242A34}.Release|Any CPU.ActiveCfg = Release|Any CPU
		{A0D6A500-F8EC-4EFC-8DA5-7D58AC242A34}.Release|Any CPU.Build.0 = Release|Any CPU
		{4E7EFF7C-F700-473B-9265-48C289A497BF}.Debug|Any CPU.ActiveCfg = Debug|Any CPU
		{4E7EFF7C-F700-473B-9265-48C289A497BF}.Debug|Any CPU.Build.0 = Debug|Any CPU
		{4E7EFF7C-F700-473B-9265-48C289A497BF}.Release|Any CPU.ActiveCfg = Release|Any CPU
		{4E7EFF7C-F700-473B-9265-48C289A497BF}.Release|Any CPU.Build.0 = Release|Any CPU
		{39B7B5E9-F9D8-4A1F-B4E5-216248755CCA}.Debug|Any CPU.ActiveCfg = Debug|Any CPU
		{39B7B5E9-F9D8-4A1F-B4E5-216248755CCA}.Debug|Any CPU.Build.0 = Debug|Any CPU
		{39B7B5E9-F9D8-4A1F-B4E5-216248755CCA}.Release|Any CPU.ActiveCfg = Release|Any CPU
		{39B7B5E9-F9D8-4A1F-B4E5-216248755CCA}.Release|Any CPU.Build.0 = Release|Any CPU
		{F3C942A5-0892-4451-9092-900F63365EC1}.Debug|Any CPU.ActiveCfg = Debug|Any CPU
		{F3C942A5-0892-4451-9092-900F63365EC1}.Debug|Any CPU.Build.0 = Debug|Any CPU
		{F3C942A5-0892-4451-9092-900F63365EC1}.Release|Any CPU.ActiveCfg = Release|Any CPU
		{F3C942A5-0892-4451-9092-900F63365EC1}.Release|Any CPU.Build.0 = Release|Any CPU
		{42D48CA2-5675-47F2-BAE7-91E595258CBA}.Debug|Any CPU.ActiveCfg = Debug|Any CPU
		{42D48CA2-5675-47F2-BAE7-91E595258CBA}.Debug|Any CPU.Build.0 = Debug|Any CPU
		{42D48CA2-5675-47F2-BAE7-91E595258CBA}.Release|Any CPU.ActiveCfg = Release|Any CPU
		{42D48CA2-5675-47F2-BAE7-91E595258CBA}.Release|Any CPU.Build.0 = Release|Any CPU
		{FA536695-2D2D-4B71-8883-95B6EEF320F6}.Debug|Any CPU.ActiveCfg = Debug|Any CPU
		{FA536695-2D2D-4B71-8883-95B6EEF320F6}.Debug|Any CPU.Build.0 = Debug|Any CPU
		{FA536695-2D2D-4B71-8883-95B6EEF320F6}.Release|Any CPU.ActiveCfg = Release|Any CPU
		{FA536695-2D2D-4B71-8883-95B6EEF320F6}.Release|Any CPU.Build.0 = Release|Any CPU
		{06072C23-37C4-4AD9-A8FC-864A83E91720}.Debug|Any CPU.ActiveCfg = Debug|Any CPU
		{06072C23-37C4-4AD9-A8FC-864A83E91720}.Debug|Any CPU.Build.0 = Debug|Any CPU
		{06072C23-37C4-4AD9-A8FC-864A83E91720}.Release|Any CPU.ActiveCfg = Release|Any CPU
		{06072C23-37C4-4AD9-A8FC-864A83E91720}.Release|Any CPU.Build.0 = Release|Any CPU
		{4D2F9ADF-65DB-41C3-9050-D5475D1BEFE4}.Debug|Any CPU.ActiveCfg = Debug|Any CPU
		{4D2F9ADF-65DB-41C3-9050-D5475D1BEFE4}.Debug|Any CPU.Build.0 = Debug|Any CPU
		{4D2F9ADF-65DB-41C3-9050-D5475D1BEFE4}.Release|Any CPU.ActiveCfg = Release|Any CPU
		{4D2F9ADF-65DB-41C3-9050-D5475D1BEFE4}.Release|Any CPU.Build.0 = Release|Any CPU
		{8A41AB5B-51F7-4F30-9B49-19BF8E09FC5B}.Debug|Any CPU.ActiveCfg = Debug|Any CPU
		{8A41AB5B-51F7-4F30-9B49-19BF8E09FC5B}.Debug|Any CPU.Build.0 = Debug|Any CPU
		{8A41AB5B-51F7-4F30-9B49-19BF8E09FC5B}.Release|Any CPU.ActiveCfg = Release|Any CPU
		{8A41AB5B-51F7-4F30-9B49-19BF8E09FC5B}.Release|Any CPU.Build.0 = Release|Any CPU
		{CE504321-77C1-4981-B815-489CA83FB163}.Debug|Any CPU.ActiveCfg = Debug|Any CPU
		{CE504321-77C1-4981-B815-489CA83FB163}.Debug|Any CPU.Build.0 = Debug|Any CPU
		{CE504321-77C1-4981-B815-489CA83FB163}.Release|Any CPU.ActiveCfg = Release|Any CPU
		{CE504321-77C1-4981-B815-489CA83FB163}.Release|Any CPU.Build.0 = Release|Any CPU
		{0E6E9A4F-6271-45A4-BA0A-9468C6F15275}.Debug|Any CPU.ActiveCfg = Debug|Any CPU
		{0E6E9A4F-6271-45A4-BA0A-9468C6F15275}.Debug|Any CPU.Build.0 = Debug|Any CPU
		{0E6E9A4F-6271-45A4-BA0A-9468C6F15275}.Release|Any CPU.ActiveCfg = Release|Any CPU
		{0E6E9A4F-6271-45A4-BA0A-9468C6F15275}.Release|Any CPU.Build.0 = Release|Any CPU
		{E8032951-A2BF-4DA6-B433-C3004A2D1021}.Debug|Any CPU.ActiveCfg = Debug|Any CPU
		{E8032951-A2BF-4DA6-B433-C3004A2D1021}.Debug|Any CPU.Build.0 = Debug|Any CPU
		{E8032951-A2BF-4DA6-B433-C3004A2D1021}.Release|Any CPU.ActiveCfg = Release|Any CPU
		{E8032951-A2BF-4DA6-B433-C3004A2D1021}.Release|Any CPU.Build.0 = Release|Any CPU
		{64737429-3650-42B7-A1ED-AB7573B51278}.Debug|Any CPU.ActiveCfg = Debug|Any CPU
		{64737429-3650-42B7-A1ED-AB7573B51278}.Debug|Any CPU.Build.0 = Debug|Any CPU
		{64737429-3650-42B7-A1ED-AB7573B51278}.Release|Any CPU.ActiveCfg = Release|Any CPU
		{64737429-3650-42B7-A1ED-AB7573B51278}.Release|Any CPU.Build.0 = Release|Any CPU
		{29B1A1CD-24C1-41D5-B8C8-AD1CE3AE180A}.Debug|Any CPU.ActiveCfg = Debug|Any CPU
		{29B1A1CD-24C1-41D5-B8C8-AD1CE3AE180A}.Debug|Any CPU.Build.0 = Debug|Any CPU
		{29B1A1CD-24C1-41D5-B8C8-AD1CE3AE180A}.Release|Any CPU.ActiveCfg = Release|Any CPU
		{29B1A1CD-24C1-41D5-B8C8-AD1CE3AE180A}.Release|Any CPU.Build.0 = Release|Any CPU
		{8F5A1A04-D36F-45F1-84D7-D1AAC5439AA4}.Debug|Any CPU.ActiveCfg = Debug|Any CPU
		{8F5A1A04-D36F-45F1-84D7-D1AAC5439AA4}.Debug|Any CPU.Build.0 = Debug|Any CPU
		{8F5A1A04-D36F-45F1-84D7-D1AAC5439AA4}.Release|Any CPU.ActiveCfg = Release|Any CPU
		{8F5A1A04-D36F-45F1-84D7-D1AAC5439AA4}.Release|Any CPU.Build.0 = Release|Any CPU
		{5A3A398E-4133-43EF-A92C-338E8E13715C}.Debug|Any CPU.ActiveCfg = Debug|Any CPU
		{5A3A398E-4133-43EF-A92C-338E8E13715C}.Debug|Any CPU.Build.0 = Debug|Any CPU
		{5A3A398E-4133-43EF-A92C-338E8E13715C}.Release|Any CPU.ActiveCfg = Release|Any CPU
		{5A3A398E-4133-43EF-A92C-338E8E13715C}.Release|Any CPU.Build.0 = Release|Any CPU
	EndGlobalSection
	GlobalSection(SolutionProperties) = preSolution
		HideSolutionNode = FALSE
	EndGlobalSection
	GlobalSection(NestedProjects) = preSolution
		{DD1D07DE-12AA-437E-AC5C-B6F21A9D64C8} = {89F11E05-9275-456A-B680-9E47AEFC6A05}
		{4E7EFF7C-F700-473B-9265-48C289A497BF} = {08A30FB7-C7FE-49F3-B26F-FB0F9945EF7A}
		{E8032951-A2BF-4DA6-B433-C3004A2D1021} = {08A30FB7-C7FE-49F3-B26F-FB0F9945EF7A}
	EndGlobalSection
	GlobalSection(ExtensibilityGlobals) = postSolution
		SolutionGuid = {B317DCB6-F066-4D68-9E03-E9DF67260B22}
	EndGlobalSection
EndGlobal
