
Microsoft Visual Studio Solution File, Format Version 12.00
# Visual Studio Version 17
VisualStudioVersion = 17.10.35027.167
MinimumVisualStudioVersion = 10.0.40219.1
Project("{9A19103F-16F7-4668-BE54-9A1E7A4F7556}") = "TrainerService.API", "Services\TrainerService\TrainerService.API\TrainerService.API.csproj", "{FADBC82B-CBFD-4FD7-9F19-D1400409A041}"
EndProject
Project("{E53339B2-1760-4266-BCC7-CA923CBCF16C}") = "docker-compose", "docker-compose.dcproj", "{E3DEB1A3-16AA-40D4-9212-80A17C4DFC67}"
EndProject
Project("{9A19103F-16F7-4668-BE54-9A1E7A4F7556}") = "ClientService.API", "Services\ClientService\ClientService.API\ClientService.API.csproj", "{3D32A8C6-1E80-4691-A885-F3ACF66C5C66}"
EndProject
Project("{9A19103F-16F7-4668-BE54-9A1E7A4F7556}") = "ReviewService.Common", "Services\ReviewService\ReviewService.Common\ReviewService.Common.csproj", "{3F3581D4-434A-4814-8AC2-8D41FC7A7DD9}"
EndProject
Project("{9A19103F-16F7-4668-BE54-9A1E7A4F7556}") = "ReviewService.API", "Services\ReviewService\ReviewService.API\ReviewService.API.csproj", "{DA15F437-9A05-4338-9641-CD99DC66F257}"
EndProject
Project("{FAE04EC0-301F-11D3-BF4B-00C04F79EFBC}") = "ReviewService.GRPC", "Services\ReviewService\ReviewService.GRPC\ReviewService.GRPC.csproj", "{A0D6A500-F8EC-4EFC-8DA5-7D58AC242A34}"
EndProject
Global
	GlobalSection(SolutionConfigurationPlatforms) = preSolution
		Debug|Any CPU = Debug|Any CPU
		Release|Any CPU = Release|Any CPU
	EndGlobalSection
	GlobalSection(ProjectConfigurationPlatforms) = postSolution
		{FADBC82B-CBFD-4FD7-9F19-D1400409A041}.Debug|Any CPU.ActiveCfg = Debug|Any CPU
		{FADBC82B-CBFD-4FD7-9F19-D1400409A041}.Debug|Any CPU.Build.0 = Debug|Any CPU
		{FADBC82B-CBFD-4FD7-9F19-D1400409A041}.Release|Any CPU.ActiveCfg = Release|Any CPU
		{FADBC82B-CBFD-4FD7-9F19-D1400409A041}.Release|Any CPU.Build.0 = Release|Any CPU
		{E3DEB1A3-16AA-40D4-9212-80A17C4DFC67}.Debug|Any CPU.ActiveCfg = Debug|Any CPU
		{E3DEB1A3-16AA-40D4-9212-80A17C4DFC67}.Debug|Any CPU.Build.0 = Debug|Any CPU
		{E3DEB1A3-16AA-40D4-9212-80A17C4DFC67}.Release|Any CPU.ActiveCfg = Release|Any CPU
		{E3DEB1A3-16AA-40D4-9212-80A17C4DFC67}.Release|Any CPU.Build.0 = Release|Any CPU
		{3D32A8C6-1E80-4691-A885-F3ACF66C5C66}.Debug|Any CPU.ActiveCfg = Debug|Any CPU
		{3D32A8C6-1E80-4691-A885-F3ACF66C5C66}.Debug|Any CPU.Build.0 = Debug|Any CPU
		{3D32A8C6-1E80-4691-A885-F3ACF66C5C66}.Release|Any CPU.ActiveCfg = Release|Any CPU
		{3D32A8C6-1E80-4691-A885-F3ACF66C5C66}.Release|Any CPU.Build.0 = Release|Any CPU
		{3F3581D4-434A-4814-8AC2-8D41FC7A7DD9}.Debug|Any CPU.ActiveCfg = Debug|Any CPU
		{3F3581D4-434A-4814-8AC2-8D41FC7A7DD9}.Debug|Any CPU.Build.0 = Debug|Any CPU
		{3F3581D4-434A-4814-8AC2-8D41FC7A7DD9}.Release|Any CPU.ActiveCfg = Release|Any CPU
		{3F3581D4-434A-4814-8AC2-8D41FC7A7DD9}.Release|Any CPU.Build.0 = Release|Any CPU
		{DA15F437-9A05-4338-9641-CD99DC66F257}.Debug|Any CPU.ActiveCfg = Debug|Any CPU
		{DA15F437-9A05-4338-9641-CD99DC66F257}.Debug|Any CPU.Build.0 = Debug|Any CPU
		{DA15F437-9A05-4338-9641-CD99DC66F257}.Release|Any CPU.ActiveCfg = Release|Any CPU
		{DA15F437-9A05-4338-9641-CD99DC66F257}.Release|Any CPU.Build.0 = Release|Any CPU
		{A0D6A500-F8EC-4EFC-8DA5-7D58AC242A34}.Debug|Any CPU.ActiveCfg = Debug|Any CPU
		{A0D6A500-F8EC-4EFC-8DA5-7D58AC242A34}.Debug|Any CPU.Build.0 = Debug|Any CPU
		{A0D6A500-F8EC-4EFC-8DA5-7D58AC242A34}.Release|Any CPU.ActiveCfg = Release|Any CPU
		{A0D6A500-F8EC-4EFC-8DA5-7D58AC242A34}.Release|Any CPU.Build.0 = Release|Any CPU
	EndGlobalSection
	GlobalSection(SolutionProperties) = preSolution
		HideSolutionNode = FALSE
	EndGlobalSection
	GlobalSection(ExtensibilityGlobals) = postSolution
		SolutionGuid = {B317DCB6-F066-4D68-9E03-E9DF67260B22}
	EndGlobalSection
EndGlobal
